{
    "_meta": {
        "hash": {
            "sha256": "b036835febf2b15e88633e9a53ef1e9cb432f894cb22ed68aed17fa2845466f0"
        },
        "pipfile-spec": 6,
        "requires": {
            "python_version": "3.7"
        },
        "sources": [
            {
                "name": "pypi",
                "url": "https://pypi.org/simple",
                "verify_ssl": true
            }
        ]
    },
    "default": {
        "websocket-client": {
            "hashes": [
                "sha256:0133d2f784858e59959ce82ddac316634229da55b498aac311f1620567a710ec",
                "sha256:8dfb715d8a992f5712fff8c843adae94e22b22a99b2c5e6b0ec4a1a981cc4e0d"
            ],
            "index": "pypi",
            "version": "==1.2.1"
        }
    },
    "develop": {}
}
